// !$*UTF8*$!
{
	archiveVersion = 1;
	classes = {
	};
	objectVersion = 50;
	objects = {

/* Begin PBXBuildFile section */
		067AF29024FE644A00E0F1C6 /* AppDelegate.swift in Sources */ = {isa = PBXBuildFile; fileRef = 067AF28F24FE644A00E0F1C6 /* AppDelegate.swift */; };
		067AF29224FE644A00E0F1C6 /* SceneDelegate.swift in Sources */ = {isa = PBXBuildFile; fileRef = 067AF29124FE644A00E0F1C6 /* SceneDelegate.swift */; };
		067AF29424FE644A00E0F1C6 /* ViewController.swift in Sources */ = {isa = PBXBuildFile; fileRef = 067AF29324FE644A00E0F1C6 /* ViewController.swift */; };
		067AF29724FE644A00E0F1C6 /* Main.storyboard in Resources */ = {isa = PBXBuildFile; fileRef = 067AF29524FE644A00E0F1C6 /* Main.storyboard */; };
		067AF29924FE644C00E0F1C6 /* Assets.xcassets in Resources */ = {isa = PBXBuildFile; fileRef = 067AF29824FE644C00E0F1C6 /* Assets.xcassets */; };
		067AF29C24FE644C00E0F1C6 /* LaunchScreen.storyboard in Resources */ = {isa = PBXBuildFile; fileRef = 067AF29A24FE644C00E0F1C6 /* LaunchScreen.storyboard */; };
		067AF2A624FE65A600E0F1C6 /* CurrencyTxtField.swift in Sources */ = {isa = PBXBuildFile; fileRef = 067AF2A524FE65A600E0F1C6 /* CurrencyTxtField.swift */; };
		067AF2AE24FE6F8C00E0F1C6 /* WindowShopperTests.swift in Sources */ = {isa = PBXBuildFile; fileRef = 067AF2AD24FE6F8C00E0F1C6 /* WindowShopperTests.swift */; };
		067AF2B724FE6FAF00E0F1C6 /* Wage.swift in Sources */ = {isa = PBXBuildFile; fileRef = 067AF2B624FE6FAF00E0F1C6 /* Wage.swift */; };
		067AF2B824FE70A400E0F1C6 /* Wage.swift in Sources */ = {isa = PBXBuildFile; fileRef = 067AF2B624FE6FAF00E0F1C6 /* Wage.swift */; };
/* End PBXBuildFile section */

/* Begin PBXContainerItemProxy section */
		067AF2B024FE6F8C00E0F1C6 /* PBXContainerItemProxy */ = {
			isa = PBXContainerItemProxy;
			containerPortal = 067AF28424FE644A00E0F1C6 /* Project object */;
			proxyType = 1;
			remoteGlobalIDString = 067AF28B24FE644A00E0F1C6;
			remoteInfo = WindowShopper;
		};
/* End PBXContainerItemProxy section */

/* Begin PBXFileReference section */
		067AF28C24FE644A00E0F1C6 /* WindowShopper.app */ = {isa = PBXFileReference; explicitFileType = wrapper.application; includeInIndex = 0; path = WindowShopper.app; sourceTree = BUILT_PRODUCTS_DIR; };
		067AF28F24FE644A00E0F1C6 /* AppDelegate.swift */ = {isa = PBXFileReference; lastKnownFileType = sourcecode.swift; path = AppDelegate.swift; sourceTree = "<group>"; };
		067AF29124FE644A00E0F1C6 /* SceneDelegate.swift */ = {isa = PBXFileReference; lastKnownFileType = sourcecode.swift; path = SceneDelegate.swift; sourceTree = "<group>"; };
		067AF29324FE644A00E0F1C6 /* ViewController.swift */ = {isa = PBXFileReference; lastKnownFileType = sourcecode.swift; path = ViewController.swift; sourceTree = "<group>"; };
		067AF29624FE644A00E0F1C6 /* Base */ = {isa = PBXFileReference; lastKnownFileType = file.storyboard; name = Base; path = Base.lproj/Main.storyboard; sourceTree = "<group>"; };
		067AF29824FE644C00E0F1C6 /* Assets.xcassets */ = {isa = PBXFileReference; lastKnownFileType = folder.assetcatalog; path = Assets.xcassets; sourceTree = "<group>"; };
		067AF29B24FE644C00E0F1C6 /* Base */ = {isa = PBXFileReference; lastKnownFileType = file.storyboard; name = Base; path = Base.lproj/LaunchScreen.storyboard; sourceTree = "<group>"; };
		067AF29D24FE644C00E0F1C6 /* Info.plist */ = {isa = PBXFileReference; lastKnownFileType = text.plist.xml; path = Info.plist; sourceTree = "<group>"; };
		067AF2A524FE65A600E0F1C6 /* CurrencyTxtField.swift */ = {isa = PBXFileReference; lastKnownFileType = sourcecode.swift; path = CurrencyTxtField.swift; sourceTree = "<group>"; };
		067AF2AB24FE6F8C00E0F1C6 /* WindowShopperTests.xctest */ = {isa = PBXFileReference; explicitFileType = wrapper.cfbundle; includeInIndex = 0; path = WindowShopperTests.xctest; sourceTree = BUILT_PRODUCTS_DIR; };
		067AF2AD24FE6F8C00E0F1C6 /* WindowShopperTests.swift */ = {isa = PBXFileReference; lastKnownFileType = sourcecode.swift; path = WindowShopperTests.swift; sourceTree = "<group>"; };
		067AF2AF24FE6F8C00E0F1C6 /* Info.plist */ = {isa = PBXFileReference; lastKnownFileType = text.plist.xml; path = Info.plist; sourceTree = "<group>"; };
		067AF2B624FE6FAF00E0F1C6 /* Wage.swift */ = {isa = PBXFileReference; lastKnownFileType = sourcecode.swift; path = Wage.swift; sourceTree = "<group>"; };
/* End PBXFileReference section */

/* Begin PBXFrameworksBuildPhase section */
		067AF28924FE644A00E0F1C6 /* Frameworks */ = {
			isa = PBXFrameworksBuildPhase;
			buildActionMask = 2147483647;
			files = (
			);
			runOnlyForDeploymentPostprocessing = 0;
		};
		067AF2A824FE6F8C00E0F1C6 /* Frameworks */ = {
			isa = PBXFrameworksBuildPhase;
			buildActionMask = 2147483647;
			files = (
			);
			runOnlyForDeploymentPostprocessing = 0;
		};
/* End PBXFrameworksBuildPhase section */

/* Begin PBXGroup section */
		067AF28324FE644A00E0F1C6 = {
			isa = PBXGroup;
			children = (
				067AF28E24FE644A00E0F1C6 /* WindowShopper */,
				067AF2AC24FE6F8C00E0F1C6 /* WindowShopperTests */,
				067AF28D24FE644A00E0F1C6 /* Products */,
			);
			sourceTree = "<group>";
		};
		067AF28D24FE644A00E0F1C6 /* Products */ = {
			isa = PBXGroup;
			children = (
				067AF28C24FE644A00E0F1C6 /* WindowShopper.app */,
				067AF2AB24FE6F8C00E0F1C6 /* WindowShopperTests.xctest */,
			);
			name = Products;
			sourceTree = "<group>";
		};
		067AF28E24FE644A00E0F1C6 /* WindowShopper */ = {
			isa = PBXGroup;
			children = (
				067AF2B524FE6FA700E0F1C6 /* Model */,
				067AF2A424FE658100E0F1C6 /* Views */,
				067AF2A324FE657600E0F1C6 /* Controller */,
				067AF28F24FE644A00E0F1C6 /* AppDelegate.swift */,
				067AF29124FE644A00E0F1C6 /* SceneDelegate.swift */,
				067AF29524FE644A00E0F1C6 /* Main.storyboard */,
				067AF29824FE644C00E0F1C6 /* Assets.xcassets */,
				067AF29A24FE644C00E0F1C6 /* LaunchScreen.storyboard */,
				067AF29D24FE644C00E0F1C6 /* Info.plist */,
			);
			path = WindowShopper;
			sourceTree = "<group>";
		};
		067AF2A324FE657600E0F1C6 /* Controller */ = {
			isa = PBXGroup;
			children = (
				067AF29324FE644A00E0F1C6 /* ViewController.swift */,
			);
			path = Controller;
			sourceTree = "<group>";
		};
		067AF2A424FE658100E0F1C6 /* Views */ = {
			isa = PBXGroup;
			children = (
				067AF2A524FE65A600E0F1C6 /* CurrencyTxtField.swift */,
			);
			path = Views;
			sourceTree = "<group>";
		};
		067AF2AC24FE6F8C00E0F1C6 /* WindowShopperTests */ = {
			isa = PBXGroup;
			children = (
				067AF2AD24FE6F8C00E0F1C6 /* WindowShopperTests.swift */,
				067AF2AF24FE6F8C00E0F1C6 /* Info.plist */,
			);
			path = WindowShopperTests;
			sourceTree = "<group>";
		};
		067AF2B524FE6FA700E0F1C6 /* Model */ = {
			isa = PBXGroup;
			children = (
				067AF2B624FE6FAF00E0F1C6 /* Wage.swift */,
			);
			path = Model;
			sourceTree = "<group>";
		};
/* End PBXGroup section */

/* Begin PBXNativeTarget section */
		067AF28B24FE644A00E0F1C6 /* WindowShopper */ = {
			isa = PBXNativeTarget;
			buildConfigurationList = 067AF2A024FE644C00E0F1C6 /* Build configuration list for PBXNativeTarget "WindowShopper" */;
			buildPhases = (
				067AF28824FE644A00E0F1C6 /* Sources */,
				067AF28924FE644A00E0F1C6 /* Frameworks */,
				067AF28A24FE644A00E0F1C6 /* Resources */,
			);
			buildRules = (
			);
			dependencies = (
			);
			name = WindowShopper;
			productName = WindowShopper;
			productReference = 067AF28C24FE644A00E0F1C6 /* WindowShopper.app */;
			productType = "com.apple.product-type.application";
		};
		067AF2AA24FE6F8C00E0F1C6 /* WindowShopperTests */ = {
			isa = PBXNativeTarget;
			buildConfigurationList = 067AF2B224FE6F8C00E0F1C6 /* Build configuration list for PBXNativeTarget "WindowShopperTests" */;
			buildPhases = (
				067AF2A724FE6F8C00E0F1C6 /* Sources */,
				067AF2A824FE6F8C00E0F1C6 /* Frameworks */,
				067AF2A924FE6F8C00E0F1C6 /* Resources */,
			);
			buildRules = (
			);
			dependencies = (
				067AF2B124FE6F8C00E0F1C6 /* PBXTargetDependency */,
			);
			name = WindowShopperTests;
			productName = WindowShopperTests;
			productReference = 067AF2AB24FE6F8C00E0F1C6 /* WindowShopperTests.xctest */;
			productType = "com.apple.product-type.bundle.unit-test";
		};
/* End PBXNativeTarget section */

/* Begin PBXProject section */
		067AF28424FE644A00E0F1C6 /* Project object */ = {
			isa = PBXProject;
			attributes = {
				LastSwiftUpdateCheck = 1160;
				LastUpgradeCheck = 1160;
				ORGANIZATIONNAME = "Rares Man";
				TargetAttributes = {
					067AF28B24FE644A00E0F1C6 = {
						CreatedOnToolsVersion = 11.6;
					};
					067AF2AA24FE6F8C00E0F1C6 = {
						CreatedOnToolsVersion = 11.6;
						TestTargetID = 067AF28B24FE644A00E0F1C6;
					};
				};
			};
			buildConfigurationList = 067AF28724FE644A00E0F1C6 /* Build configuration list for PBXProject "WindowShopper" */;
			compatibilityVersion = "Xcode 9.3";
			developmentRegion = en;
			hasScannedForEncodings = 0;
			knownRegions = (
				en,
				Base,
			);
			mainGroup = 067AF28324FE644A00E0F1C6;
			productRefGroup = 067AF28D24FE644A00E0F1C6 /* Products */;
			projectDirPath = "";
			projectRoot = "";
			targets = (
				067AF28B24FE644A00E0F1C6 /* WindowShopper */,
				067AF2AA24FE6F8C00E0F1C6 /* WindowShopperTests */,
			);
		};
/* End PBXProject section */

/* Begin PBXResourcesBuildPhase section */
		067AF28A24FE644A00E0F1C6 /* Resources */ = {
			isa = PBXResourcesBuildPhase;
			buildActionMask = 2147483647;
			files = (
				067AF29C24FE644C00E0F1C6 /* LaunchScreen.storyboard in Resources */,
				067AF29924FE644C00E0F1C6 /* Assets.xcassets in Resources */,
				067AF29724FE644A00E0F1C6 /* Main.storyboard in Resources */,
			);
			runOnlyForDeploymentPostprocessing = 0;
		};
		067AF2A924FE6F8C00E0F1C6 /* Resources */ = {
			isa = PBXResourcesBuildPhase;
			buildActionMask = 2147483647;
			files = (
			);
			runOnlyForDeploymentPostprocessing = 0;
		};
/* End PBXResourcesBuildPhase section */

/* Begin PBXSourcesBuildPhase section */
		067AF28824FE644A00E0F1C6 /* Sources */ = {
			isa = PBXSourcesBuildPhase;
			buildActionMask = 2147483647;
			files = (
				067AF2A624FE65A600E0F1C6 /* CurrencyTxtField.swift in Sources */,
				067AF29424FE644A00E0F1C6 /* ViewController.swift in Sources */,
				067AF2B724FE6FAF00E0F1C6 /* Wage.swift in Sources */,
				067AF29024FE644A00E0F1C6 /* AppDelegate.swift in Sources */,
				067AF29224FE644A00E0F1C6 /* SceneDelegate.swift in Sources */,
			);
			runOnlyForDeploymentPostprocessing = 0;
		};
		067AF2A724FE6F8C00E0F1C6 /* Sources */ = {
			isa = PBXSourcesBuildPhase;
			buildActionMask = 2147483647;
			files = (
				067AF2AE24FE6F8C00E0F1C6 /* WindowShopperTests.swift in Sources */,
				067AF2B824FE70A400E0F1C6 /* Wage.swift in Sources */,
			);
			runOnlyForDeploymentPostprocessing = 0;
		};
/* End PBXSourcesBuildPhase section */

/* Begin PBXTargetDependency section */
		067AF2B124FE6F8C00E0F1C6 /* PBXTargetDependency */ = {
			isa = PBXTargetDependency;
			target = 067AF28B24FE644A00E0F1C6 /* WindowShopper */;
			targetProxy = 067AF2B024FE6F8C00E0F1C6 /* PBXContainerItemProxy */;
		};
/* End PBXTargetDependency section */

/* Begin PBXVariantGroup section */
		067AF29524FE644A00E0F1C6 /* Main.storyboard */ = {
			isa = PBXVariantGroup;
			children = (
				067AF29624FE644A00E0F1C6 /* Base */,
			);
			name = Main.storyboard;
			sourceTree = "<group>";
		};
		067AF29A24FE644C00E0F1C6 /* LaunchScreen.storyboard */ = {
			isa = PBXVariantGroup;
			children = (
				067AF29B24FE644C00E0F1C6 /* Base */,
			);
			name = LaunchScreen.storyboard;
			sourceTree = "<group>";
		};
/* End PBXVariantGroup section */

/* Begin XCBuildConfiguration section */
		067AF29E24FE644C00E0F1C6 /* Debug */ = {
			isa = XCBuildConfiguration;
			buildSettings = {
				ALWAYS_SEARCH_USER_PATHS = NO;
				CLANG_ANALYZER_NONNULL = YES;
				CLANG_ANALYZER_NUMBER_OBJECT_CONVERSION = YES_AGGRESSIVE;
				CLANG_CXX_LANGUAGE_STANDARD = "gnu++14";
				CLANG_CXX_LIBRARY = "libc++";
				CLANG_ENABLE_MODULES = YES;
				CLANG_ENABLE_OBJC_ARC = YES;
				CLANG_ENABLE_OBJC_WEAK = YES;
				CLANG_WARN_BLOCK_CAPTURE_AUTORELEASING = YES;
				CLANG_WARN_BOOL_CONVERSION = YES;
				CLANG_WARN_COMMA = YES;
				CLANG_WARN_CONSTANT_CONVERSION = YES;
				CLANG_WARN_DEPRECATED_OBJC_IMPLEMENTATIONS = YES;
				CLANG_WARN_DIRECT_OBJC_ISA_USAGE = YES_ERROR;
				CLANG_WARN_DOCUMENTATION_COMMENTS = YES;
				CLANG_WARN_EMPTY_BODY = YES;
				CLANG_WARN_ENUM_CONVERSION = YES;
				CLANG_WARN_INFINITE_RECURSION = YES;
				CLANG_WARN_INT_CONVERSION = YES;
				CLANG_WARN_NON_LITERAL_NULL_CONVERSION = YES;
				CLANG_WARN_OBJC_IMPLICIT_RETAIN_SELF = YES;
				CLANG_WARN_OBJC_LITERAL_CONVERSION = YES;
				CLANG_WARN_OBJC_ROOT_CLASS = YES_ERROR;
				CLANG_WARN_RANGE_LOOP_ANALYSIS = YES;
				CLANG_WARN_STRICT_PROTOTYPES = YES;
				CLANG_WARN_SUSPICIOUS_MOVE = YES;
				CLANG_WARN_UNGUARDED_AVAILABILITY = YES_AGGRESSIVE;
				CLANG_WARN_UNREACHABLE_CODE = YES;
				CLANG_WARN__DUPLICATE_METHOD_MATCH = YES;
				COPY_PHASE_STRIP = NO;
				DEBUG_INFORMATION_FORMAT = dwarf;
				ENABLE_STRICT_OBJC_MSGSEND = YES;
				ENABLE_TESTABILITY = YES;
				GCC_C_LANGUAGE_STANDARD = gnu11;
				GCC_DYNAMIC_NO_PIC = NO;
				GCC_NO_COMMON_BLOCKS = YES;
				GCC_OPTIMIZATION_LEVEL = 0;
				GCC_PREPROCESSOR_DEFINITIONS = (
					"DEBUG=1",
					"$(inherited)",
				);
				GCC_WARN_64_TO_32_BIT_CONVERSION = YES;
				GCC_WARN_ABOUT_RETURN_TYPE = YES_ERROR;
				GCC_WARN_UNDECLARED_SELECTOR = YES;
				GCC_WARN_UNINITIALIZED_AUTOS = YES_AGGRESSIVE;
				GCC_WARN_UNUSED_FUNCTION = YES;
				GCC_WARN_UNUSED_VARIABLE = YES;
				IPHONEOS_DEPLOYMENT_TARGET = 13.6;
				MTL_ENABLE_DEBUG_INFO = INCLUDE_SOURCE;
				MTL_FAST_MATH = YES;
				ONLY_ACTIVE_ARCH = YES;
				SDKROOT = iphoneos;
				SWIFT_ACTIVE_COMPILATION_CONDITIONS = DEBUG;
				SWIFT_OPTIMIZATION_LEVEL = "-Onone";
			};
			name = Debug;
		};
		067AF29F24FE644C00E0F1C6 /* Release */ = {
			isa = XCBuildConfiguration;
			buildSettings = {
				ALWAYS_SEARCH_USER_PATHS = NO;
				CLANG_ANALYZER_NONNULL = YES;
				CLANG_ANALYZER_NUMBER_OBJECT_CONVERSION = YES_AGGRESSIVE;
				CLANG_CXX_LANGUAGE_STANDARD = "gnu++14";
				CLANG_CXX_LIBRARY = "libc++";
				CLANG_ENABLE_MODULES = YES;
				CLANG_ENABLE_OBJC_ARC = YES;
				CLANG_ENABLE_OBJC_WEAK = YES;
				CLANG_WARN_BLOCK_CAPTURE_AUTORELEASING = YES;
				CLANG_WARN_BOOL_CONVERSION = YES;
				CLANG_WARN_COMMA = YES;
				CLANG_WARN_CONSTANT_CONVERSION = YES;
				CLANG_WARN_DEPRECATED_OBJC_IMPLEMENTATIONS = YES;
				CLANG_WARN_DIRECT_OBJC_ISA_USAGE = YES_ERROR;
				CLANG_WARN_DOCUMENTATION_COMMENTS = YES;
				CLANG_WARN_EMPTY_BODY = YES;
				CLANG_WARN_ENUM_CONVERSION = YES;
				CLANG_WARN_INFINITE_RECURSION = YES;
				CLANG_WARN_INT_CONVERSION = YES;
				CLANG_WARN_NON_LITERAL_NULL_CONVERSION = YES;
				CLANG_WARN_OBJC_IMPLICIT_RETAIN_SELF = YES;
				CLANG_WARN_OBJC_LITERAL_CONVERSION = YES;
				CLANG_WARN_OBJC_ROOT_CLASS = YES_ERROR;
				CLANG_WARN_RANGE_LOOP_ANALYSIS = YES;
				CLANG_WARN_STRICT_PROTOTYPES = YES;
				CLANG_WARN_SUSPICIOUS_MOVE = YES;
				CLANG_WARN_UNGUARDED_AVAILABILITY = YES_AGGRESSIVE;
				CLANG_WARN_UNREACHABLE_CODE = YES;
				CLANG_WARN__DUPLICATE_METHOD_MATCH = YES;
				COPY_PHASE_STRIP = NO;
				DEBUG_INFORMATION_FORMAT = "dwarf-with-dsym";
				ENABLE_NS_ASSERTIONS = NO;
				ENABLE_STRICT_OBJC_MSGSEND = YES;
				GCC_C_LANGUAGE_STANDARD = gnu11;
				GCC_NO_COMMON_BLOCKS = YES;
				GCC_WARN_64_TO_32_BIT_CONVERSION = YES;
				GCC_WARN_ABOUT_RETURN_TYPE = YES_ERROR;
				GCC_WARN_UNDECLARED_SELECTOR = YES;
				GCC_WARN_UNINITIALIZED_AUTOS = YES_AGGRESSIVE;
				GCC_WARN_UNUSED_FUNCTION = YES;
				GCC_WARN_UNUSED_VARIABLE = YES;
				IPHONEOS_DEPLOYMENT_TARGET = 13.6;
				MTL_ENABLE_DEBUG_INFO = NO;
				MTL_FAST_MATH = YES;
				SDKROOT = iphoneos;
				SWIFT_COMPILATION_MODE = wholemodule;
				SWIFT_OPTIMIZATION_LEVEL = "-O";
				VALIDATE_PRODUCT = YES;
			};
			name = Release;
		};
		067AF2A124FE644C00E0F1C6 /* Debug */ = {
			isa = XCBuildConfiguration;
			buildSettings = {
				ASSETCATALOG_COMPILER_APPICON_NAME = AppIcon;
				CODE_SIGN_STYLE = Automatic;
				DEVELOPMENT_TEAM = Y58L2YDVT2;
				INFOPLIST_FILE = WindowShopper/Info.plist;
				LD_RUNPATH_SEARCH_PATHS = (
					"$(inherited)",
					"@executable_path/Frameworks",
				);
				PRODUCT_BUNDLE_IDENTIFIER = Roy.WindowShopper;
				PRODUCT_NAME = "$(TARGET_NAME)";
				SWIFT_VERSION = 5.0;
				TARGETED_DEVICE_FAMILY = "1,2";
			};
			name = Debug;
		};
		067AF2A224FE644C00E0F1C6 /* Release */ = {
			isa = XCBuildConfiguration;
			buildSettings = {
				ASSETCATALOG_COMPILER_APPICON_NAME = AppIcon;
				CODE_SIGN_STYLE = Automatic;
				DEVELOPMENT_TEAM = Y58L2YDVT2;
				INFOPLIST_FILE = WindowShopper/Info.plist;
				LD_RUNPATH_SEARCH_PATHS = (
					"$(inherited)",
					"@executable_path/Frameworks",
				);
				PRODUCT_BUNDLE_IDENTIFIER = Roy.WindowShopper;
				PRODUCT_NAME = "$(TARGET_NAME)";
				SWIFT_VERSION = 5.0;
				TARGETED_DEVICE_FAMILY = "1,2";
			};
			name = Release;
		};
		067AF2B324FE6F8C00E0F1C6 /* Debug */ = {
			isa = XCBuildConfiguration;
			buildSettings = {
				BUNDLE_LOADER = "$(TEST_HOST)";
				CODE_SIGN_STYLE = Automatic;
				DEVELOPMENT_TEAM = Y58L2YDVT2;
				INFOPLIST_FILE = WindowShopperTests/Info.plist;
				LD_RUNPATH_SEARCH_PATHS = (
					"$(inherited)",
					"@executable_path/Frameworks",
					"@loader_path/Frameworks",
				);
				PRODUCT_BUNDLE_IDENTIFIER = Roy.WindowShopperTests;
				PRODUCT_NAME = "$(TARGET_NAME)";
				SWIFT_VERSION = 5.0;
				TARGETED_DEVICE_FAMILY = "1,2";
				TEST_HOST = "$(BUILT_PRODUCTS_DIR)/WindowShopper.app/WindowShopper";
			};
			name = Debug;
		};
		067AF2B424FE6F8C00E0F1C6 /* Release */ = {
			isa = XCBuildConfiguration;
			buildSettings = {
				BUNDLE_LOADER = "$(TEST_HOST)";
				CODE_SIGN_STYLE = Automatic;
				DEVELOPMENT_TEAM = Y58L2YDVT2;
				INFOPLIST_FILE = WindowShopperTests/Info.plist;
				LD_RUNPATH_SEARCH_PATHS = (
					"$(inherited)",
					"@executable_path/Frameworks",
					"@loader_path/Frameworks",
				);
				PRODUCT_BUNDLE_IDENTIFIER = Roy.WindowShopperTests;
				PRODUCT_NAME = "$(TARGET_NAME)";
				SWIFT_VERSION = 5.0;
				TARGETED_DEVICE_FAMILY = "1,2";
				TEST_HOST = "$(BUILT_PRODUCTS_DIR)/WindowShopper.app/WindowShopper";
			};
			name = Release;
		};
/* End XCBuildConfiguration section */

/* Begin XCConfigurationList section */
		067AF28724FE644A00E0F1C6 /* Build configuration list for PBXProject "WindowShopper" */ = {
			isa = XCConfigurationList;
			buildConfigurations = (
				067AF29E24FE644C00E0F1C6 /* Debug */,
				067AF29F24FE644C00E0F1C6 /* Release */,
			);
			defaultConfigurationIsVisible = 0;
			defaultConfigurationName = Release;
		};
		067AF2A024FE644C00E0F1C6 /* Build configuration list for PBXNativeTarget "WindowShopper" */ = {
			isa = XCConfigurationList;
			buildConfigurations = (
				067AF2A124FE644C00E0F1C6 /* Debug */,
				067AF2A224FE644C00E0F1C6 /* Release */,
			);
			defaultConfigurationIsVisible = 0;
			defaultConfigurationName = Release;
		};
		067AF2B224FE6F8C00E0F1C6 /* Build configuration list for PBXNativeTarget "WindowShopperTests" */ = {
			isa = XCConfigurationList;
			buildConfigurations = (
				067AF2B324FE6F8C00E0F1C6 /* Debug */,
				067AF2B424FE6F8C00E0F1C6 /* Release */,
			);
			defaultConfigurationIsVisible = 0;
			defaultConfigurationName = Release;
		};
/* End XCConfigurationList section */
	};
	rootObject = 067AF28424FE644A00E0F1C6 /* Project object */;
}
